
Microsoft Visual Studio Solution File, Format Version 12.00
# Visual Studio 14
VisualStudioVersion = 14.0.25420.1
MinimumVisualStudioVersion = 10.0.40219.1
Project("{FAE04EC0-301F-11D3-BF4B-00C04F79EFBC}") = "01. ListyIterator", "01. ListyIterator\01. ListyIterator.csproj", "{7A7A5450-07C3-422D-A902-198595889919}"
EndProject
Project("{FAE04EC0-301F-11D3-BF4B-00C04F79EFBC}") = "02. Collection", "02. Collection\02. Collection.csproj", "{8B2EFA96-6129-4DF7-B64D-407BAA809BEF}"
EndProject
Global
	GlobalSection(SolutionConfigurationPlatforms) = preSolution
		Debug|Any CPU = Debug|Any CPU
		Release|Any CPU = Release|Any CPU
	EndGlobalSection
	GlobalSection(ProjectConfigurationPlatforms) = postSolution
		{7A7A5450-07C3-422D-A902-198595889919}.Debug|Any CPU.ActiveCfg = Debug|Any CPU
		{7A7A5450-07C3-422D-A902-198595889919}.Debug|Any CPU.Build.0 = Debug|Any CPU
		{7A7A5450-07C3-422D-A902-198595889919}.Release|Any CPU.ActiveCfg = Release|Any CPU
		{7A7A5450-07C3-422D-A902-198595889919}.Release|Any CPU.Build.0 = Release|Any CPU
		{8B2EFA96-6129-4DF7-B64D-407BAA809BEF}.Debug|Any CPU.ActiveCfg = Debug|Any CPU
		{8B2EFA96-6129-4DF7-B64D-407BAA809BEF}.Debug|Any CPU.Build.0 = Debug|Any CPU
		{8B2EFA96-6129-4DF7-B64D-407BAA809BEF}.Release|Any CPU.ActiveCfg = Release|Any CPU
		{8B2EFA96-6129-4DF7-B64D-407BAA809BEF}.Release|Any CPU.Build.0 = Release|Any CPU
	EndGlobalSection
	GlobalSection(SolutionProperties) = preSolution
		HideSolutionNode = FALSE
	EndGlobalSection
EndGlobal
