
Microsoft Visual Studio Solution File, Format Version 12.00
# Visual Studio 14
VisualStudioVersion = 14.0.25420.1
MinimumVisualStudioVersion = 10.0.40219.1
Project("{FAE04EC0-301F-11D3-BF4B-00C04F79EFBC}") = "01. Sort Even Numbers", "01. Sort Even Numbers\01. Sort Even Numbers.csproj", "{4F2DE6FC-0A50-456A-B399-AF09C3A2694F}"
EndProject
Project("{FAE04EC0-301F-11D3-BF4B-00C04F79EFBC}") = "02. Sum Numbers", "02. Sum Numbers\02. Sum Numbers.csproj", "{2E848678-AC59-4327-84A6-4CF9E8ADACEA}"
EndProject
Project("{FAE04EC0-301F-11D3-BF4B-00C04F79EFBC}") = "03. Count Uppercase Words", "03. Count Uppercase Words\03. Count Uppercase Words.csproj", "{A40338F2-8871-4939-A350-641A9D068341}"
EndProject
Project("{FAE04EC0-301F-11D3-BF4B-00C04F79EFBC}") = "04. Add VAT", "04. Add VAT\04. Add VAT.csproj", "{CDF1FA9C-0D33-473C-BD01-2B78B411DEE0}"
EndProject
Project("{FAE04EC0-301F-11D3-BF4B-00C04F79EFBC}") = "05. Filter By Age", "05. Filter By Age\05. Filter By Age.csproj", "{75994733-E434-433C-A0C5-2A6F215F7CF6}"
EndProject
Global
	GlobalSection(SolutionConfigurationPlatforms) = preSolution
		Debug|Any CPU = Debug|Any CPU
		Release|Any CPU = Release|Any CPU
	EndGlobalSection
	GlobalSection(ProjectConfigurationPlatforms) = postSolution
		{4F2DE6FC-0A50-456A-B399-AF09C3A2694F}.Debug|Any CPU.ActiveCfg = Debug|Any CPU
		{4F2DE6FC-0A50-456A-B399-AF09C3A2694F}.Debug|Any CPU.Build.0 = Debug|Any CPU
		{4F2DE6FC-0A50-456A-B399-AF09C3A2694F}.Release|Any CPU.ActiveCfg = Release|Any CPU
		{4F2DE6FC-0A50-456A-B399-AF09C3A2694F}.Release|Any CPU.Build.0 = Release|Any CPU
		{2E848678-AC59-4327-84A6-4CF9E8ADACEA}.Debug|Any CPU.ActiveCfg = Debug|Any CPU
		{2E848678-AC59-4327-84A6-4CF9E8ADACEA}.Debug|Any CPU.Build.0 = Debug|Any CPU
		{2E848678-AC59-4327-84A6-4CF9E8ADACEA}.Release|Any CPU.ActiveCfg = Release|Any CPU
		{2E848678-AC59-4327-84A6-4CF9E8ADACEA}.Release|Any CPU.Build.0 = Release|Any CPU
		{A40338F2-8871-4939-A350-641A9D068341}.Debug|Any CPU.ActiveCfg = Debug|Any CPU
		{A40338F2-8871-4939-A350-641A9D068341}.Debug|Any CPU.Build.0 = Debug|Any CPU
		{A40338F2-8871-4939-A350-641A9D068341}.Release|Any CPU.ActiveCfg = Release|Any CPU
		{A40338F2-8871-4939-A350-641A9D068341}.Release|Any CPU.Build.0 = Release|Any CPU
		{CDF1FA9C-0D33-473C-BD01-2B78B411DEE0}.Debug|Any CPU.ActiveCfg = Debug|Any CPU
		{CDF1FA9C-0D33-473C-BD01-2B78B411DEE0}.Debug|Any CPU.Build.0 = Debug|Any CPU
		{CDF1FA9C-0D33-473C-BD01-2B78B411DEE0}.Release|Any CPU.ActiveCfg = Release|Any CPU
		{CDF1FA9C-0D33-473C-BD01-2B78B411DEE0}.Release|Any CPU.Build.0 = Release|Any CPU
		{75994733-E434-433C-A0C5-2A6F215F7CF6}.Debug|Any CPU.ActiveCfg = Debug|Any CPU
		{75994733-E434-433C-A0C5-2A6F215F7CF6}.Debug|Any CPU.Build.0 = Debug|Any CPU
		{75994733-E434-433C-A0C5-2A6F215F7CF6}.Release|Any CPU.ActiveCfg = Release|Any CPU
		{75994733-E434-433C-A0C5-2A6F215F7CF6}.Release|Any CPU.Build.0 = Release|Any CPU
	EndGlobalSection
	GlobalSection(SolutionProperties) = preSolution
		HideSolutionNode = FALSE
	EndGlobalSection
EndGlobal
