{
  "requires": true,
  "lockfileVersion": 1,
  "dependencies": {
    "@types/node": {
      "version": "12.0.2",
      "resolved": "https://registry.npmjs.org/@types/node/-/node-12.0.2.tgz",
      "integrity": "sha512-5tabW/i+9mhrfEOUcLDu2xBPsHJ+X5Orqy9FKpale3SjDA17j5AEpYq5vfy3oAeAHGcvANRCO3NV3d2D6q3NiA==",
      "dev": true
    },
    "node": {
      "version": "12.3.1",
      "resolved": "https://registry.npmjs.org/node/-/node-12.3.1.tgz",
      "integrity": "sha512-v5jzaCc3aQ9RLa4f6Fj4RzvyLzJGyx6OYtuX1o8R/RaouItwBjhrI298hUrGo2A4AQoL23buj0HCRrdw4YvjLg==",
      "requires": {
        "node-bin-setup": "^1.0.0"
      }
    },
    "node-bin-setup": {
      "version": "1.0.6",
      "resolved": "https://registry.npmjs.org/node-bin-setup/-/node-bin-setup-1.0.6.tgz",
      "integrity": "sha512-uPIxXNis1CRbv1DwqAxkgBk5NFV3s7cMN/Gf556jSw6jBvV7ca4F9lRL/8cALcZecRibeqU+5dFYqFFmzv5a0Q=="
    }
  }
}
