
Microsoft Visual Studio Solution File, Format Version 12.00
# Visual Studio 14
VisualStudioVersion = 14.0.25420.1
MinimumVisualStudioVersion = 10.0.40219.1
Project("{FAE04EC0-301F-11D3-BF4B-00C04F79EFBC}") = "01.Array Manipulator", "01.Array Manipulator\01.Array Manipulator.csproj", "{641AC37E-9044-426E-BE15-883754ABD7F2}"
EndProject
Project("{FAE04EC0-301F-11D3-BF4B-00C04F79EFBC}") = "02.Radioactive Bunnies", "02.Radioactive Bunnies\02.Radioactive Bunnies.csproj", "{DDBDBD91-7C1D-421A-916A-B645C28F58A9}"
EndProject
Project("{FAE04EC0-301F-11D3-BF4B-00C04F79EFBC}") = "03.Shmoogle Counter", "03.Shmoogle Counter\03.Shmoogle Counter.csproj", "{9B07C3DC-0EFA-4432-8F81-2323A73ADEF4}"
EndProject
Project("{FAE04EC0-301F-11D3-BF4B-00C04F79EFBC}") = "04.Srabsko Unleashed", "04.Srabsko Unleashed\04.Srabsko Unleashed.csproj", "{29436E5A-4A10-4064-88D4-DD6A9C31FCB8}"
EndProject
Global
	GlobalSection(SolutionConfigurationPlatforms) = preSolution
		Debug|Any CPU = Debug|Any CPU
		Release|Any CPU = Release|Any CPU
	EndGlobalSection
	GlobalSection(ProjectConfigurationPlatforms) = postSolution
		{641AC37E-9044-426E-BE15-883754ABD7F2}.Debug|Any CPU.ActiveCfg = Debug|Any CPU
		{641AC37E-9044-426E-BE15-883754ABD7F2}.Debug|Any CPU.Build.0 = Debug|Any CPU
		{641AC37E-9044-426E-BE15-883754ABD7F2}.Release|Any CPU.ActiveCfg = Release|Any CPU
		{641AC37E-9044-426E-BE15-883754ABD7F2}.Release|Any CPU.Build.0 = Release|Any CPU
		{DDBDBD91-7C1D-421A-916A-B645C28F58A9}.Debug|Any CPU.ActiveCfg = Debug|Any CPU
		{DDBDBD91-7C1D-421A-916A-B645C28F58A9}.Debug|Any CPU.Build.0 = Debug|Any CPU
		{DDBDBD91-7C1D-421A-916A-B645C28F58A9}.Release|Any CPU.ActiveCfg = Release|Any CPU
		{DDBDBD91-7C1D-421A-916A-B645C28F58A9}.Release|Any CPU.Build.0 = Release|Any CPU
		{9B07C3DC-0EFA-4432-8F81-2323A73ADEF4}.Debug|Any CPU.ActiveCfg = Debug|Any CPU
		{9B07C3DC-0EFA-4432-8F81-2323A73ADEF4}.Debug|Any CPU.Build.0 = Debug|Any CPU
		{9B07C3DC-0EFA-4432-8F81-2323A73ADEF4}.Release|Any CPU.ActiveCfg = Release|Any CPU
		{9B07C3DC-0EFA-4432-8F81-2323A73ADEF4}.Release|Any CPU.Build.0 = Release|Any CPU
		{29436E5A-4A10-4064-88D4-DD6A9C31FCB8}.Debug|Any CPU.ActiveCfg = Debug|Any CPU
		{29436E5A-4A10-4064-88D4-DD6A9C31FCB8}.Debug|Any CPU.Build.0 = Debug|Any CPU
		{29436E5A-4A10-4064-88D4-DD6A9C31FCB8}.Release|Any CPU.ActiveCfg = Release|Any CPU
		{29436E5A-4A10-4064-88D4-DD6A9C31FCB8}.Release|Any CPU.Build.0 = Release|Any CPU
	EndGlobalSection
	GlobalSection(SolutionProperties) = preSolution
		HideSolutionNode = FALSE
	EndGlobalSection
EndGlobal
