
Microsoft Visual Studio Solution File, Format Version 12.00
# Visual Studio 15
VisualStudioVersion = 15.0.26730.16
MinimumVisualStudioVersion = 10.0.40219.1
Project("{FAE04EC0-301F-11D3-BF4B-00C04F79EFBC}") = "01. URL Decode", "01. URL Decode\01. URL Decode.csproj", "{6144AAD9-DBD4-42AB-8E74-5DEA1FC716BE}"
EndProject
Project("{FAE04EC0-301F-11D3-BF4B-00C04F79EFBC}") = "02. Validate URL", "02. Validate URL\02. Validate URL.csproj", "{8555BCF9-F873-4E7A-9337-6C7503683D78}"
EndProject
Project("{FAE04EC0-301F-11D3-BF4B-00C04F79EFBC}") = "03. Request Parser", "03. Request Parser\03. Request Parser.csproj", "{4C5078C7-6892-48E8-A6F7-3C451FA761A9}"
EndProject
Global
	GlobalSection(SolutionConfigurationPlatforms) = preSolution
		Debug|Any CPU = Debug|Any CPU
		Release|Any CPU = Release|Any CPU
	EndGlobalSection
	GlobalSection(ProjectConfigurationPlatforms) = postSolution
		{6144AAD9-DBD4-42AB-8E74-5DEA1FC716BE}.Debug|Any CPU.ActiveCfg = Debug|Any CPU
		{6144AAD9-DBD4-42AB-8E74-5DEA1FC716BE}.Debug|Any CPU.Build.0 = Debug|Any CPU
		{6144AAD9-DBD4-42AB-8E74-5DEA1FC716BE}.Release|Any CPU.ActiveCfg = Release|Any CPU
		{6144AAD9-DBD4-42AB-8E74-5DEA1FC716BE}.Release|Any CPU.Build.0 = Release|Any CPU
		{8555BCF9-F873-4E7A-9337-6C7503683D78}.Debug|Any CPU.ActiveCfg = Debug|Any CPU
		{8555BCF9-F873-4E7A-9337-6C7503683D78}.Debug|Any CPU.Build.0 = Debug|Any CPU
		{8555BCF9-F873-4E7A-9337-6C7503683D78}.Release|Any CPU.ActiveCfg = Release|Any CPU
		{8555BCF9-F873-4E7A-9337-6C7503683D78}.Release|Any CPU.Build.0 = Release|Any CPU
		{4C5078C7-6892-48E8-A6F7-3C451FA761A9}.Debug|Any CPU.ActiveCfg = Debug|Any CPU
		{4C5078C7-6892-48E8-A6F7-3C451FA761A9}.Debug|Any CPU.Build.0 = Debug|Any CPU
		{4C5078C7-6892-48E8-A6F7-3C451FA761A9}.Release|Any CPU.ActiveCfg = Release|Any CPU
		{4C5078C7-6892-48E8-A6F7-3C451FA761A9}.Release|Any CPU.Build.0 = Release|Any CPU
	EndGlobalSection
	GlobalSection(SolutionProperties) = preSolution
		HideSolutionNode = FALSE
	EndGlobalSection
	GlobalSection(ExtensibilityGlobals) = postSolution
		SolutionGuid = {8CF57FAC-03A7-47C9-ABCF-ED02652D1144}
	EndGlobalSection
EndGlobal
