
Microsoft Visual Studio Solution File, Format Version 12.00
# Visual Studio 15
VisualStudioVersion = 15.0.27004.2002
MinimumVisualStudioVersion = 10.0.40219.1
Project("{9A19103F-16F7-4668-BE54-9A1E7A4F7556}") = "SimpleMvc.Framework", "SimpleMvc.Framework.csproj", "{B0FC85D1-80F2-4682-BF46-A4C371792374}"
EndProject
Project("{9A19103F-16F7-4668-BE54-9A1E7A4F7556}") = "WebServer", "..\WebServer\WebServer.csproj", "{A7C730E8-D3FD-442F-816F-600EE3D957FD}"
EndProject
Project("{FAE04EC0-301F-11D3-BF4B-00C04F79EFBC}") = "JudgeApp", "..\JudgeApp\JudgeApp.csproj", "{77F2606E-0F3E-4610-ABF4-1260F0AD2187}"
EndProject
Global
	GlobalSection(SolutionConfigurationPlatforms) = preSolution
		Debug|Any CPU = Debug|Any CPU
		Release|Any CPU = Release|Any CPU
	EndGlobalSection
	GlobalSection(ProjectConfigurationPlatforms) = postSolution
		{B0FC85D1-80F2-4682-BF46-A4C371792374}.Debug|Any CPU.ActiveCfg = Debug|Any CPU
		{B0FC85D1-80F2-4682-BF46-A4C371792374}.Debug|Any CPU.Build.0 = Debug|Any CPU
		{B0FC85D1-80F2-4682-BF46-A4C371792374}.Release|Any CPU.ActiveCfg = Release|Any CPU
		{B0FC85D1-80F2-4682-BF46-A4C371792374}.Release|Any CPU.Build.0 = Release|Any CPU
		{A7C730E8-D3FD-442F-816F-600EE3D957FD}.Debug|Any CPU.ActiveCfg = Debug|Any CPU
		{A7C730E8-D3FD-442F-816F-600EE3D957FD}.Debug|Any CPU.Build.0 = Debug|Any CPU
		{A7C730E8-D3FD-442F-816F-600EE3D957FD}.Release|Any CPU.ActiveCfg = Release|Any CPU
		{A7C730E8-D3FD-442F-816F-600EE3D957FD}.Release|Any CPU.Build.0 = Release|Any CPU
		{77F2606E-0F3E-4610-ABF4-1260F0AD2187}.Debug|Any CPU.ActiveCfg = Debug|Any CPU
		{77F2606E-0F3E-4610-ABF4-1260F0AD2187}.Debug|Any CPU.Build.0 = Debug|Any CPU
		{77F2606E-0F3E-4610-ABF4-1260F0AD2187}.Release|Any CPU.ActiveCfg = Release|Any CPU
		{77F2606E-0F3E-4610-ABF4-1260F0AD2187}.Release|Any CPU.Build.0 = Release|Any CPU
	EndGlobalSection
	GlobalSection(SolutionProperties) = preSolution
		HideSolutionNode = FALSE
	EndGlobalSection
	GlobalSection(ExtensibilityGlobals) = postSolution
		SolutionGuid = {679BA427-F442-480D-ACB2-5BC236B84CCC}
	EndGlobalSection
EndGlobal
