
Microsoft Visual Studio Solution File, Format Version 12.00
# Visual Studio 15
VisualStudioVersion = 15.0.26730.16
MinimumVisualStudioVersion = 10.0.40219.1
Project("{FAE04EC0-301F-11D3-BF4B-00C04F79EFBC}") = "03. HTML and CSS - Lab", "03. HTML and CSS - Lab\03. HTML and CSS - Lab.csproj", "{58431ED9-343E-45C2-8143-0BD82314EB71}"
EndProject
Global
	GlobalSection(SolutionConfigurationPlatforms) = preSolution
		Debug|Any CPU = Debug|Any CPU
		Release|Any CPU = Release|Any CPU
	EndGlobalSection
	GlobalSection(ProjectConfigurationPlatforms) = postSolution
		{58431ED9-343E-45C2-8143-0BD82314EB71}.Debug|Any CPU.ActiveCfg = Debug|Any CPU
		{58431ED9-343E-45C2-8143-0BD82314EB71}.Debug|Any CPU.Build.0 = Debug|Any CPU
		{58431ED9-343E-45C2-8143-0BD82314EB71}.Release|Any CPU.ActiveCfg = Release|Any CPU
		{58431ED9-343E-45C2-8143-0BD82314EB71}.Release|Any CPU.Build.0 = Release|Any CPU
	EndGlobalSection
	GlobalSection(SolutionProperties) = preSolution
		HideSolutionNode = FALSE
	EndGlobalSection
	GlobalSection(ExtensibilityGlobals) = postSolution
		SolutionGuid = {AB627DAB-9EFA-4C9F-BEAE-8DCD4ED00160}
	EndGlobalSection
EndGlobal
