
Microsoft Visual Studio Solution File, Format Version 12.00
# Visual Studio 15
VisualStudioVersion = 15.0.27004.2002
MinimumVisualStudioVersion = 10.0.40219.1
Project("{9A19103F-16F7-4668-BE54-9A1E7A4F7556}") = "JudgeApp", "JudgeApp.csproj", "{92A22BFC-C7AA-44D4-8063-107670A29EAC}"
EndProject
Project("{9A19103F-16F7-4668-BE54-9A1E7A4F7556}") = "SimpleMvc.Framework", "..\SimpleMvc.Framework\SimpleMvc.Framework.csproj", "{1DEFD232-BE1D-43B0-8A7A-20B9C60363C1}"
EndProject
Project("{9A19103F-16F7-4668-BE54-9A1E7A4F7556}") = "WebServer", "..\WebServer\WebServer.csproj", "{31DE8B97-0B08-441F-91BA-682917A4DE9F}"
EndProject
Global
	GlobalSection(SolutionConfigurationPlatforms) = preSolution
		Debug|Any CPU = Debug|Any CPU
		Release|Any CPU = Release|Any CPU
	EndGlobalSection
	GlobalSection(ProjectConfigurationPlatforms) = postSolution
		{92A22BFC-C7AA-44D4-8063-107670A29EAC}.Debug|Any CPU.ActiveCfg = Debug|Any CPU
		{92A22BFC-C7AA-44D4-8063-107670A29EAC}.Debug|Any CPU.Build.0 = Debug|Any CPU
		{92A22BFC-C7AA-44D4-8063-107670A29EAC}.Release|Any CPU.ActiveCfg = Release|Any CPU
		{92A22BFC-C7AA-44D4-8063-107670A29EAC}.Release|Any CPU.Build.0 = Release|Any CPU
		{1DEFD232-BE1D-43B0-8A7A-20B9C60363C1}.Debug|Any CPU.ActiveCfg = Debug|Any CPU
		{1DEFD232-BE1D-43B0-8A7A-20B9C60363C1}.Debug|Any CPU.Build.0 = Debug|Any CPU
		{1DEFD232-BE1D-43B0-8A7A-20B9C60363C1}.Release|Any CPU.ActiveCfg = Release|Any CPU
		{1DEFD232-BE1D-43B0-8A7A-20B9C60363C1}.Release|Any CPU.Build.0 = Release|Any CPU
		{31DE8B97-0B08-441F-91BA-682917A4DE9F}.Debug|Any CPU.ActiveCfg = Debug|Any CPU
		{31DE8B97-0B08-441F-91BA-682917A4DE9F}.Debug|Any CPU.Build.0 = Debug|Any CPU
		{31DE8B97-0B08-441F-91BA-682917A4DE9F}.Release|Any CPU.ActiveCfg = Release|Any CPU
		{31DE8B97-0B08-441F-91BA-682917A4DE9F}.Release|Any CPU.Build.0 = Release|Any CPU
	EndGlobalSection
	GlobalSection(SolutionProperties) = preSolution
		HideSolutionNode = FALSE
	EndGlobalSection
	GlobalSection(ExtensibilityGlobals) = postSolution
		SolutionGuid = {AEF8E573-ADED-4F84-8662-DEAF66146C26}
	EndGlobalSection
EndGlobal
