
Microsoft Visual Studio Solution File, Format Version 12.00
# Visual Studio 14
VisualStudioVersion = 14.0.25420.1
MinimumVisualStudioVersion = 10.0.40219.1
Project("{FAE04EC0-301F-11D3-BF4B-00C04F79EFBC}") = "Client", "ExpansesManager\Client.csproj", "{BD41624B-1EB8-42CE-B6B9-A6BF9043B696}"
EndProject
Project("{FAE04EC0-301F-11D3-BF4B-00C04F79EFBC}") = "Models", "Models\Models.csproj", "{C4672468-B0FE-4ACD-8AAF-A88CD4D66714}"
EndProject
Project("{FAE04EC0-301F-11D3-BF4B-00C04F79EFBC}") = "Data", "Data\Data.csproj", "{AF67B477-8850-46D7-901A-927AFA6F05AD}"
EndProject
Global
	GlobalSection(SolutionConfigurationPlatforms) = preSolution
		Debug|Any CPU = Debug|Any CPU
		Release|Any CPU = Release|Any CPU
	EndGlobalSection
	GlobalSection(ProjectConfigurationPlatforms) = postSolution
		{BD41624B-1EB8-42CE-B6B9-A6BF9043B696}.Debug|Any CPU.ActiveCfg = Debug|Any CPU
		{BD41624B-1EB8-42CE-B6B9-A6BF9043B696}.Debug|Any CPU.Build.0 = Debug|Any CPU
		{BD41624B-1EB8-42CE-B6B9-A6BF9043B696}.Release|Any CPU.ActiveCfg = Release|Any CPU
		{BD41624B-1EB8-42CE-B6B9-A6BF9043B696}.Release|Any CPU.Build.0 = Release|Any CPU
		{C4672468-B0FE-4ACD-8AAF-A88CD4D66714}.Debug|Any CPU.ActiveCfg = Debug|Any CPU
		{C4672468-B0FE-4ACD-8AAF-A88CD4D66714}.Debug|Any CPU.Build.0 = Debug|Any CPU
		{C4672468-B0FE-4ACD-8AAF-A88CD4D66714}.Release|Any CPU.ActiveCfg = Release|Any CPU
		{C4672468-B0FE-4ACD-8AAF-A88CD4D66714}.Release|Any CPU.Build.0 = Release|Any CPU
		{AF67B477-8850-46D7-901A-927AFA6F05AD}.Debug|Any CPU.ActiveCfg = Debug|Any CPU
		{AF67B477-8850-46D7-901A-927AFA6F05AD}.Debug|Any CPU.Build.0 = Debug|Any CPU
		{AF67B477-8850-46D7-901A-927AFA6F05AD}.Release|Any CPU.ActiveCfg = Release|Any CPU
		{AF67B477-8850-46D7-901A-927AFA6F05AD}.Release|Any CPU.Build.0 = Release|Any CPU
	EndGlobalSection
	GlobalSection(SolutionProperties) = preSolution
		HideSolutionNode = FALSE
	EndGlobalSection
EndGlobal
