
Microsoft Visual Studio Solution File, Format Version 12.00
# Visual Studio 15
VisualStudioVersion = 15.0.27130.2010
MinimumVisualStudioVersion = 10.0.40219.1
Project("{9A19103F-16F7-4668-BE54-9A1E7A4F7556}") = "Market.Web", "Market.Web\Market.Web.csproj", "{57CD1E0A-3E77-44D7-8514-BD475A397D4A}"
EndProject
Project("{9A19103F-16F7-4668-BE54-9A1E7A4F7556}") = "Market.Data", "Market.Data\Market.Data.csproj", "{1F079216-BBFF-4247-BFD1-19954F38B72B}"
EndProject
Project("{FAE04EC0-301F-11D3-BF4B-00C04F79EFBC}") = "Market.Services", "Market.Services\Market.Services.csproj", "{0A2CDB1C-72B3-48D7-A888-D43DE0E1E675}"
EndProject
Project("{9A19103F-16F7-4668-BE54-9A1E7A4F7556}") = "Market.Common", "Market.Common\Market.Common.csproj", "{4E444659-CBDE-4F31-A1E4-CE13D95F0284}"
EndProject
Project("{FAE04EC0-301F-11D3-BF4B-00C04F79EFBC}") = "Market.Tests", "Market.Tests\Market.Tests.csproj", "{D7FD6FA3-4806-47C6-A867-A50E6F2B72B6}"
EndProject
Global
	GlobalSection(SolutionConfigurationPlatforms) = preSolution
		Debug|Any CPU = Debug|Any CPU
		Release|Any CPU = Release|Any CPU
	EndGlobalSection
	GlobalSection(ProjectConfigurationPlatforms) = postSolution
		{57CD1E0A-3E77-44D7-8514-BD475A397D4A}.Debug|Any CPU.ActiveCfg = Debug|Any CPU
		{57CD1E0A-3E77-44D7-8514-BD475A397D4A}.Debug|Any CPU.Build.0 = Debug|Any CPU
		{57CD1E0A-3E77-44D7-8514-BD475A397D4A}.Release|Any CPU.ActiveCfg = Release|Any CPU
		{57CD1E0A-3E77-44D7-8514-BD475A397D4A}.Release|Any CPU.Build.0 = Release|Any CPU
		{1F079216-BBFF-4247-BFD1-19954F38B72B}.Debug|Any CPU.ActiveCfg = Debug|Any CPU
		{1F079216-BBFF-4247-BFD1-19954F38B72B}.Debug|Any CPU.Build.0 = Debug|Any CPU
		{1F079216-BBFF-4247-BFD1-19954F38B72B}.Release|Any CPU.ActiveCfg = Release|Any CPU
		{1F079216-BBFF-4247-BFD1-19954F38B72B}.Release|Any CPU.Build.0 = Release|Any CPU
		{0A2CDB1C-72B3-48D7-A888-D43DE0E1E675}.Debug|Any CPU.ActiveCfg = Debug|Any CPU
		{0A2CDB1C-72B3-48D7-A888-D43DE0E1E675}.Debug|Any CPU.Build.0 = Debug|Any CPU
		{0A2CDB1C-72B3-48D7-A888-D43DE0E1E675}.Release|Any CPU.ActiveCfg = Release|Any CPU
		{0A2CDB1C-72B3-48D7-A888-D43DE0E1E675}.Release|Any CPU.Build.0 = Release|Any CPU
		{4E444659-CBDE-4F31-A1E4-CE13D95F0284}.Debug|Any CPU.ActiveCfg = Debug|Any CPU
		{4E444659-CBDE-4F31-A1E4-CE13D95F0284}.Debug|Any CPU.Build.0 = Debug|Any CPU
		{4E444659-CBDE-4F31-A1E4-CE13D95F0284}.Release|Any CPU.ActiveCfg = Release|Any CPU
		{4E444659-CBDE-4F31-A1E4-CE13D95F0284}.Release|Any CPU.Build.0 = Release|Any CPU
		{D7FD6FA3-4806-47C6-A867-A50E6F2B72B6}.Debug|Any CPU.ActiveCfg = Debug|Any CPU
		{D7FD6FA3-4806-47C6-A867-A50E6F2B72B6}.Debug|Any CPU.Build.0 = Debug|Any CPU
		{D7FD6FA3-4806-47C6-A867-A50E6F2B72B6}.Release|Any CPU.ActiveCfg = Release|Any CPU
		{D7FD6FA3-4806-47C6-A867-A50E6F2B72B6}.Release|Any CPU.Build.0 = Release|Any CPU
	EndGlobalSection
	GlobalSection(SolutionProperties) = preSolution
		HideSolutionNode = FALSE
	EndGlobalSection
	GlobalSection(ExtensibilityGlobals) = postSolution
		SolutionGuid = {577971B3-9A3C-4974-9F88-7C6D3099CF6A}
	EndGlobalSection
EndGlobal
