
Microsoft Visual Studio Solution File, Format Version 12.00
# Visual Studio 15
VisualStudioVersion = 15.0.27004.2002
MinimumVisualStudioVersion = 10.0.40219.1
Project("{FAE04EC0-301F-11D3-BF4B-00C04F79EFBC}") = "CarDealer.Web", "CarDealer.Web\CarDealer.Web.csproj", "{6CF3D9F9-9A73-4713-B1AC-06D240C74CE8}"
EndProject
Project("{FAE04EC0-301F-11D3-BF4B-00C04F79EFBC}") = "CarDealer.Data", "CarDealer.Data\CarDealer.Data.csproj", "{88DEB4D6-674C-4854-977E-58C3EC0E51E4}"
EndProject
Project("{FAE04EC0-301F-11D3-BF4B-00C04F79EFBC}") = "CarDealer.Services", "CarDealer.Services\CarDealer.Services.csproj", "{903ABC49-E9B7-4724-9594-783716777C40}"
EndProject
Global
	GlobalSection(SolutionConfigurationPlatforms) = preSolution
		Debug|Any CPU = Debug|Any CPU
		Release|Any CPU = Release|Any CPU
	EndGlobalSection
	GlobalSection(ProjectConfigurationPlatforms) = postSolution
		{6CF3D9F9-9A73-4713-B1AC-06D240C74CE8}.Debug|Any CPU.ActiveCfg = Debug|Any CPU
		{6CF3D9F9-9A73-4713-B1AC-06D240C74CE8}.Debug|Any CPU.Build.0 = Debug|Any CPU
		{6CF3D9F9-9A73-4713-B1AC-06D240C74CE8}.Release|Any CPU.ActiveCfg = Release|Any CPU
		{6CF3D9F9-9A73-4713-B1AC-06D240C74CE8}.Release|Any CPU.Build.0 = Release|Any CPU
		{88DEB4D6-674C-4854-977E-58C3EC0E51E4}.Debug|Any CPU.ActiveCfg = Debug|Any CPU
		{88DEB4D6-674C-4854-977E-58C3EC0E51E4}.Debug|Any CPU.Build.0 = Debug|Any CPU
		{88DEB4D6-674C-4854-977E-58C3EC0E51E4}.Release|Any CPU.ActiveCfg = Release|Any CPU
		{88DEB4D6-674C-4854-977E-58C3EC0E51E4}.Release|Any CPU.Build.0 = Release|Any CPU
		{903ABC49-E9B7-4724-9594-783716777C40}.Debug|Any CPU.ActiveCfg = Debug|Any CPU
		{903ABC49-E9B7-4724-9594-783716777C40}.Debug|Any CPU.Build.0 = Debug|Any CPU
		{903ABC49-E9B7-4724-9594-783716777C40}.Release|Any CPU.ActiveCfg = Release|Any CPU
		{903ABC49-E9B7-4724-9594-783716777C40}.Release|Any CPU.Build.0 = Release|Any CPU
	EndGlobalSection
	GlobalSection(SolutionProperties) = preSolution
		HideSolutionNode = FALSE
	EndGlobalSection
	GlobalSection(ExtensibilityGlobals) = postSolution
		SolutionGuid = {89939407-0265-4F77-979C-E9FA5AA87996}
	EndGlobalSection
EndGlobal
