
Microsoft Visual Studio Solution File, Format Version 12.00
# Visual Studio 15
VisualStudioVersion = 15.0.28307.168
MinimumVisualStudioVersion = 10.0.40219.1
Project("{9A19103F-16F7-4668-BE54-9A1E7A4F7556}") = "01. Reverse Array", "01. Reverse Array\01. Reverse Array.csproj", "{030665AD-B92F-448A-B600-A1C3950B9BB4}"
EndProject
Project("{9A19103F-16F7-4668-BE54-9A1E7A4F7556}") = "02. Nested Loops", "02. Nested Loops\02. Nested Loops.csproj", "{84077A85-4CA2-43D3-90E1-4B88A2372E2D}"
EndProject
Project("{9A19103F-16F7-4668-BE54-9A1E7A4F7556}") = "03. Combinations with Repetition", "03. Combinatio\03. Combinations with Repetition.csproj", "{2DB9E787-EEAE-488F-A51A-C9627946186F}"
EndProject
Project("{9A19103F-16F7-4668-BE54-9A1E7A4F7556}") = "04. Towers of Hanoi", "04. Towers of Hanoi\04. Towers of Hanoi.csproj", "{5B243888-8F64-4C12-9494-7AF4C634EA76}"
EndProject
Project("{FAE04EC0-301F-11D3-BF4B-00C04F79EFBC}") = "05. Combinations without Repetition", "05. Combinations\05. Combinations without Repetition.csproj", "{8D28908F-5AC8-4581-A522-CCB6F563ADF3}"
EndProject
Project("{FAE04EC0-301F-11D3-BF4B-00C04F79EFBC}") = "06. Connected Area", "06. Connected Area\06. Connected Area.csproj", "{6F7D3756-8F1E-4B51-A503-8481DBA973B1}"
EndProject
Global
	GlobalSection(SolutionConfigurationPlatforms) = preSolution
		Debug|Any CPU = Debug|Any CPU
		Release|Any CPU = Release|Any CPU
	EndGlobalSection
	GlobalSection(ProjectConfigurationPlatforms) = postSolution
		{030665AD-B92F-448A-B600-A1C3950B9BB4}.Debug|Any CPU.ActiveCfg = Debug|Any CPU
		{030665AD-B92F-448A-B600-A1C3950B9BB4}.Debug|Any CPU.Build.0 = Debug|Any CPU
		{030665AD-B92F-448A-B600-A1C3950B9BB4}.Release|Any CPU.ActiveCfg = Release|Any CPU
		{030665AD-B92F-448A-B600-A1C3950B9BB4}.Release|Any CPU.Build.0 = Release|Any CPU
		{84077A85-4CA2-43D3-90E1-4B88A2372E2D}.Debug|Any CPU.ActiveCfg = Debug|Any CPU
		{84077A85-4CA2-43D3-90E1-4B88A2372E2D}.Debug|Any CPU.Build.0 = Debug|Any CPU
		{84077A85-4CA2-43D3-90E1-4B88A2372E2D}.Release|Any CPU.ActiveCfg = Release|Any CPU
		{84077A85-4CA2-43D3-90E1-4B88A2372E2D}.Release|Any CPU.Build.0 = Release|Any CPU
		{2DB9E787-EEAE-488F-A51A-C9627946186F}.Debug|Any CPU.ActiveCfg = Debug|Any CPU
		{2DB9E787-EEAE-488F-A51A-C9627946186F}.Debug|Any CPU.Build.0 = Debug|Any CPU
		{2DB9E787-EEAE-488F-A51A-C9627946186F}.Release|Any CPU.ActiveCfg = Release|Any CPU
		{2DB9E787-EEAE-488F-A51A-C9627946186F}.Release|Any CPU.Build.0 = Release|Any CPU
		{5B243888-8F64-4C12-9494-7AF4C634EA76}.Debug|Any CPU.ActiveCfg = Debug|Any CPU
		{5B243888-8F64-4C12-9494-7AF4C634EA76}.Debug|Any CPU.Build.0 = Debug|Any CPU
		{5B243888-8F64-4C12-9494-7AF4C634EA76}.Release|Any CPU.ActiveCfg = Release|Any CPU
		{5B243888-8F64-4C12-9494-7AF4C634EA76}.Release|Any CPU.Build.0 = Release|Any CPU
		{8D28908F-5AC8-4581-A522-CCB6F563ADF3}.Debug|Any CPU.ActiveCfg = Debug|Any CPU
		{8D28908F-5AC8-4581-A522-CCB6F563ADF3}.Debug|Any CPU.Build.0 = Debug|Any CPU
		{8D28908F-5AC8-4581-A522-CCB6F563ADF3}.Release|Any CPU.ActiveCfg = Release|Any CPU
		{8D28908F-5AC8-4581-A522-CCB6F563ADF3}.Release|Any CPU.Build.0 = Release|Any CPU
		{6F7D3756-8F1E-4B51-A503-8481DBA973B1}.Debug|Any CPU.ActiveCfg = Debug|Any CPU
		{6F7D3756-8F1E-4B51-A503-8481DBA973B1}.Debug|Any CPU.Build.0 = Debug|Any CPU
		{6F7D3756-8F1E-4B51-A503-8481DBA973B1}.Release|Any CPU.ActiveCfg = Release|Any CPU
		{6F7D3756-8F1E-4B51-A503-8481DBA973B1}.Release|Any CPU.Build.0 = Release|Any CPU
	EndGlobalSection
	GlobalSection(SolutionProperties) = preSolution
		HideSolutionNode = FALSE
	EndGlobalSection
	GlobalSection(ExtensibilityGlobals) = postSolution
		SolutionGuid = {727DAECA-FF18-4DEB-B3FC-8F86CEE82191}
	EndGlobalSection
EndGlobal
