
Microsoft Visual Studio Solution File, Format Version 12.00
# Visual Studio 14
VisualStudioVersion = 14.0.25420.1
MinimumVisualStudioVersion = 10.0.40219.1
Project("{FAE04EC0-301F-11D3-BF4B-00C04F79EFBC}") = "SalesDB2", "SalesDB2\SalesDB2.csproj", "{08420FE3-8CDA-4DB3-9347-001AA1B8F8AD}"
EndProject
Global
	GlobalSection(SolutionConfigurationPlatforms) = preSolution
		Debug|Any CPU = Debug|Any CPU
		Release|Any CPU = Release|Any CPU
	EndGlobalSection
	GlobalSection(ProjectConfigurationPlatforms) = postSolution
		{08420FE3-8CDA-4DB3-9347-001AA1B8F8AD}.Debug|Any CPU.ActiveCfg = Debug|Any CPU
		{08420FE3-8CDA-4DB3-9347-001AA1B8F8AD}.Debug|Any CPU.Build.0 = Debug|Any CPU
		{08420FE3-8CDA-4DB3-9347-001AA1B8F8AD}.Release|Any CPU.ActiveCfg = Release|Any CPU
		{08420FE3-8CDA-4DB3-9347-001AA1B8F8AD}.Release|Any CPU.Build.0 = Release|Any CPU
	EndGlobalSection
	GlobalSection(SolutionProperties) = preSolution
		HideSolutionNode = FALSE
	EndGlobalSection
EndGlobal
