
Microsoft Visual Studio Solution File, Format Version 12.00
# Visual Studio 15
VisualStudioVersion = 15.0.28307.168
MinimumVisualStudioVersion = 10.0.40219.1
Project("{9A19103F-16F7-4668-BE54-9A1E7A4F7556}") = "01. Fractional Knapsack Problem", "01. Fractional Knapsack Problem\01. Fractional Knapsack Problem.csproj", "{FB3CDB68-9668-4482-8CF8-18072EE8814D}"
EndProject
Project("{FAE04EC0-301F-11D3-BF4B-00C04F79EFBC}") = "02. Processor Scheduling", "02. Processor Scheduling\02. Processor Scheduling.csproj", "{3A33D9F1-231D-45C6-9D70-2FBA6E6645EB}"
EndProject
Project("{FAE04EC0-301F-11D3-BF4B-00C04F79EFBC}") = "03. Knights Tour", "03. Knights Tour\03. Knights Tour.csproj", "{815DFC25-7590-48A6-B19B-76BA35CD0D28}"
EndProject
Global
	GlobalSection(SolutionConfigurationPlatforms) = preSolution
		Debug|Any CPU = Debug|Any CPU
		Release|Any CPU = Release|Any CPU
	EndGlobalSection
	GlobalSection(ProjectConfigurationPlatforms) = postSolution
		{FB3CDB68-9668-4482-8CF8-18072EE8814D}.Debug|Any CPU.ActiveCfg = Debug|Any CPU
		{FB3CDB68-9668-4482-8CF8-18072EE8814D}.Debug|Any CPU.Build.0 = Debug|Any CPU
		{FB3CDB68-9668-4482-8CF8-18072EE8814D}.Release|Any CPU.ActiveCfg = Release|Any CPU
		{FB3CDB68-9668-4482-8CF8-18072EE8814D}.Release|Any CPU.Build.0 = Release|Any CPU
		{3A33D9F1-231D-45C6-9D70-2FBA6E6645EB}.Debug|Any CPU.ActiveCfg = Debug|Any CPU
		{3A33D9F1-231D-45C6-9D70-2FBA6E6645EB}.Debug|Any CPU.Build.0 = Debug|Any CPU
		{3A33D9F1-231D-45C6-9D70-2FBA6E6645EB}.Release|Any CPU.ActiveCfg = Release|Any CPU
		{3A33D9F1-231D-45C6-9D70-2FBA6E6645EB}.Release|Any CPU.Build.0 = Release|Any CPU
		{815DFC25-7590-48A6-B19B-76BA35CD0D28}.Debug|Any CPU.ActiveCfg = Debug|Any CPU
		{815DFC25-7590-48A6-B19B-76BA35CD0D28}.Debug|Any CPU.Build.0 = Debug|Any CPU
		{815DFC25-7590-48A6-B19B-76BA35CD0D28}.Release|Any CPU.ActiveCfg = Release|Any CPU
		{815DFC25-7590-48A6-B19B-76BA35CD0D28}.Release|Any CPU.Build.0 = Release|Any CPU
	EndGlobalSection
	GlobalSection(SolutionProperties) = preSolution
		HideSolutionNode = FALSE
	EndGlobalSection
	GlobalSection(ExtensibilityGlobals) = postSolution
		SolutionGuid = {7EC05058-C856-4024-B0AA-98A93FC3B6CD}
	EndGlobalSection
EndGlobal
